// !$*UTF8*$!
{
	archiveVersion = 1;
	classes = {
	};
	objectVersion = 46;
	objects = {

/* Begin PBXBuildFile section */
		2D1E3CEB1E4B699100E41769 /* IntNode.cpp in Sources */ = {isa = PBXBuildFile; fileRef = 2D1E3CE91E4B699100E41769 /* IntNode.cpp */; };
		2D1E3CEE1E4B724B00E41769 /* IntNodeArray.cpp in Sources */ = {isa = PBXBuildFile; fileRef = 2D1E3CEC1E4B724B00E41769 /* IntNodeArray.cpp */; };
		2D1E3CF11E4B7D2600E41769 /* Runner.cpp in Sources */ = {isa = PBXBuildFile; fileRef = 2D1E3CEF1E4B7D2600E41769 /* Runner.cpp */; };
		2D1E3CF41E4B7D9800E41769 /* StructureController.cpp in Sources */ = {isa = PBXBuildFile; fileRef = 2D1E3CF21E4B7D9800E41769 /* StructureController.cpp */; };
/* End PBXBuildFile section */

/* Begin PBXCopyFilesBuildPhase section */
		2D1E3CDD1E4B697E00E41769 /* CopyFiles */ = {
			isa = PBXCopyFilesBuildPhase;
			buildActionMask = 2147483647;
			dstPath = /usr/share/man/man1/;
			dstSubfolderSpec = 0;
			files = (
			);
			runOnlyForDeploymentPostprocessing = 1;
		};
/* End PBXCopyFilesBuildPhase section */

/* Begin PBXFileReference section */
		2D1E3CDF1E4B697F00E41769 /* MorningMegaProject */ = {isa = PBXFileReference; explicitFileType = "compiled.mach-o.executable"; includeInIndex = 0; path = MorningMegaProject; sourceTree = BUILT_PRODUCTS_DIR; };
		2D1E3CE91E4B699100E41769 /* IntNode.cpp */ = {isa = PBXFileReference; fileEncoding = 4; lastKnownFileType = sourcecode.cpp.cpp; path = IntNode.cpp; sourceTree = "<group>"; };
		2D1E3CEA1E4B699100E41769 /* IntNode.hpp */ = {isa = PBXFileReference; fileEncoding = 4; lastKnownFileType = sourcecode.cpp.h; path = IntNode.hpp; sourceTree = "<group>"; };
		2D1E3CEC1E4B724B00E41769 /* IntNodeArray.cpp */ = {isa = PBXFileReference; fileEncoding = 4; lastKnownFileType = sourcecode.cpp.cpp; path = IntNodeArray.cpp; sourceTree = "<group>"; };
		2D1E3CED1E4B724B00E41769 /* IntNodeArray.hpp */ = {isa = PBXFileReference; fileEncoding = 4; lastKnownFileType = sourcecode.cpp.h; path = IntNodeArray.hpp; sourceTree = "<group>"; };
		2D1E3CEF1E4B7D2600E41769 /* Runner.cpp */ = {isa = PBXFileReference; fileEncoding = 4; lastKnownFileType = sourcecode.cpp.cpp; path = Runner.cpp; sourceTree = "<group>"; };
		2D1E3CF21E4B7D9800E41769 /* StructureController.cpp */ = {isa = PBXFileReference; fileEncoding = 4; lastKnownFileType = sourcecode.cpp.cpp; path = StructureController.cpp; sourceTree = "<group>"; };
		2D1E3CF31E4B7D9800E41769 /* StructureController.hpp */ = {isa = PBXFileReference; fileEncoding = 4; lastKnownFileType = sourcecode.cpp.h; path = StructureController.hpp; sourceTree = "<group>"; };
/* End PBXFileReference section */

/* Begin PBXFrameworksBuildPhase section */
		2D1E3CDC1E4B697E00E41769 /* Frameworks */ = {
			isa = PBXFrameworksBuildPhase;
			buildActionMask = 2147483647;
			files = (
			);
			runOnlyForDeploymentPostprocessing = 0;
		};
/* End PBXFrameworksBuildPhase section */

/* Begin PBXGroup section */
		2D1E3CD61E4B697E00E41769 = {
			isa = PBXGroup;
			children = (
				2D1E3CE11E4B697F00E41769 /* MorningMegaProject */,
				2D1E3CE01E4B697F00E41769 /* Products */,
			);
			sourceTree = "<group>";
		};
		2D1E3CE01E4B697F00E41769 /* Products */ = {
			isa = PBXGroup;
			children = (
				2D1E3CDF1E4B697F00E41769 /* MorningMegaProject */,
			);
			name = Products;
			sourceTree = "<group>";
		};
		2D1E3CE11E4B697F00E41769 /* MorningMegaProject */ = {
			isa = PBXGroup;
			children = (
				2D1E3CF61E4B7DB000E41769 /* Model */,
				2D1E3CF51E4B7DA900E41769 /* Controller */,
			);
			path = MorningMegaProject;
			sourceTree = "<group>";
		};
		2D1E3CF51E4B7DA900E41769 /* Controller */ = {
			isa = PBXGroup;
			children = (
				2D1E3CEF1E4B7D2600E41769 /* Runner.cpp */,
				2D1E3CF21E4B7D9800E41769 /* StructureController.cpp */,
				2D1E3CF31E4B7D9800E41769 /* StructureController.hpp */,
			);
			name = Controller;
			sourceTree = "<group>";
		};
		2D1E3CF61E4B7DB000E41769 /* Model */ = {
			isa = PBXGroup;
			children = (
				2D1E3CEA1E4B699100E41769 /* IntNode.hpp */,
				2D1E3CED1E4B724B00E41769 /* IntNodeArray.hpp */,
				2D1E3CE91E4B699100E41769 /* IntNode.cpp */,
				2D1E3CEC1E4B724B00E41769 /* IntNodeArray.cpp */,
			);
			name = Model;
			sourceTree = "<group>";
		};
/* End PBXGroup section */

/* Begin PBXNativeTarget section */
		2D1E3CDE1E4B697E00E41769 /* MorningMegaProject */ = {
			isa = PBXNativeTarget;
			buildConfigurationList = 2D1E3CE61E4B697F00E41769 /* Build configuration list for PBXNativeTarget "MorningMegaProject" */;
			buildPhases = (
				2D1E3CDB1E4B697E00E41769 /* Sources */,
				2D1E3CDC1E4B697E00E41769 /* Frameworks */,
				2D1E3CDD1E4B697E00E41769 /* CopyFiles */,
			);
			buildRules = (
			);
			dependencies = (
			);
			name = MorningMegaProject;
			productName = MorningMegaProject;
			productReference = 2D1E3CDF1E4B697F00E41769 /* MorningMegaProject */;
			productType = "com.apple.product-type.tool";
		};
/* End PBXNativeTarget section */

/* Begin PBXProject section */
		2D1E3CD71E4B697E00E41769 /* Project object */ = {
			isa = PBXProject;
			attributes = {
				LastUpgradeCheck = 0810;
				ORGANIZATIONNAME = CTEC;
				TargetAttributes = {
					2D1E3CDE1E4B697E00E41769 = {
						CreatedOnToolsVersion = 8.1;
						ProvisioningStyle = Automatic;
					};
				};
			};
			buildConfigurationList = 2D1E3CDA1E4B697E00E41769 /* Build configuration list for PBXProject "MorningMegaProject" */;
			compatibilityVersion = "Xcode 3.2";
			developmentRegion = English;
			hasScannedForEncodings = 0;
			knownRegions = (
				en,
			);
			mainGroup = 2D1E3CD61E4B697E00E41769;
			productRefGroup = 2D1E3CE01E4B697F00E41769 /* Products */;
			projectDirPath = "";
			projectRoot = "";
			targets = (
				2D1E3CDE1E4B697E00E41769 /* MorningMegaProject */,
			);
		};
/* End PBXProject section */

/* Begin PBXSourcesBuildPhase section */
		2D1E3CDB1E4B697E00E41769 /* Sources */ = {
			isa = PBXSourcesBuildPhase;
			buildActionMask = 2147483647;
			files = (
				2D1E3CF11E4B7D2600E41769 /* Runner.cpp in Sources */,
				2D1E3CF41E4B7D9800E41769 /* StructureController.cpp in Sources */,
				2D1E3CEB1E4B699100E41769 /* IntNode.cpp in Sources */,
				2D1E3CEE1E4B724B00E41769 /* IntNodeArray.cpp in Sources */,
			);
			runOnlyForDeploymentPostprocessing = 0;
		};
/* End PBXSourcesBuildPhase section */

/* Begin XCBuildConfiguration section */
		2D1E3CE41E4B697F00E41769 /* Debug */ = {
			isa = XCBuildConfiguration;
			buildSettings = {
				ALWAYS_SEARCH_USER_PATHS = NO;
				CLANG_ANALYZER_NONNULL = YES;
				CLANG_CXX_LANGUAGE_STANDARD = "gnu++0x";
				CLANG_CXX_LIBRARY = "libc++";
				CLANG_ENABLE_MODULES = YES;
				CLANG_ENABLE_OBJC_ARC = YES;
				CLANG_WARN_BOOL_CONVERSION = YES;
				CLANG_WARN_CONSTANT_CONVERSION = YES;
				CLANG_WARN_DIRECT_OBJC_ISA_USAGE = YES_ERROR;
				CLANG_WARN_DOCUMENTATION_COMMENTS = YES;
				CLANG_WARN_EMPTY_BODY = YES;
				CLANG_WARN_ENUM_CONVERSION = YES;
				CLANG_WARN_INFINITE_RECURSION = YES;
				CLANG_WARN_INT_CONVERSION = YES;
				CLANG_WARN_OBJC_ROOT_CLASS = YES_ERROR;
				CLANG_WARN_SUSPICIOUS_MOVES = YES;
				CLANG_WARN_UNREACHABLE_CODE = YES;
				CLANG_WARN__DUPLICATE_METHOD_MATCH = YES;
				CODE_SIGN_IDENTITY = "-";
				COPY_PHASE_STRIP = NO;
				DEBUG_INFORMATION_FORMAT = dwarf;
				ENABLE_STRICT_OBJC_MSGSEND = YES;
				ENABLE_TESTABILITY = YES;
				GCC_C_LANGUAGE_STANDARD = gnu99;
				GCC_DYNAMIC_NO_PIC = NO;
				GCC_NO_COMMON_BLOCKS = YES;
				GCC_OPTIMIZATION_LEVEL = 0;
				GCC_PREPROCESSOR_DEFINITIONS = (
					"DEBUG=1",
					"$(inherited)",
				);
				GCC_WARN_64_TO_32_BIT_CONVERSION = YES;
				GCC_WARN_ABOUT_RETURN_TYPE = YES_ERROR;
				GCC_WARN_UNDECLARED_SELECTOR = YES;
				GCC_WARN_UNINITIALIZED_AUTOS = YES_AGGRESSIVE;
				GCC_WARN_UNUSED_FUNCTION = YES;
				GCC_WARN_UNUSED_VARIABLE = YES;
				MACOSX_DEPLOYMENT_TARGET = 10.11;
				MTL_ENABLE_DEBUG_INFO = YES;
				ONLY_ACTIVE_ARCH = YES;
				SDKROOT = macosx;
			};
			name = Debug;
		};
		2D1E3CE51E4B697F00E41769 /* Release */ = {
			isa = XCBuildConfiguration;
			buildSettings = {
				ALWAYS_SEARCH_USER_PATHS = NO;
				CLANG_ANALYZER_NONNULL = YES;
				CLANG_CXX_LANGUAGE_STANDARD = "gnu++0x";
				CLANG_CXX_LIBRARY = "libc++";
				CLANG_ENABLE_MODULES = YES;
				CLANG_ENABLE_OBJC_ARC = YES;
				CLANG_WARN_BOOL_CONVERSION = YES;
				CLANG_WARN_CONSTANT_CONVERSION = YES;
				CLANG_WARN_DIRECT_OBJC_ISA_USAGE = YES_ERROR;
				CLANG_WARN_DOCUMENTATION_COMMENTS = YES;
				CLANG_WARN_EMPTY_BODY = YES;
				CLANG_WARN_ENUM_CONVERSION = YES;
				CLANG_WARN_INFINITE_RECURSION = YES;
				CLANG_WARN_INT_CONVERSION = YES;
				CLANG_WARN_OBJC_ROOT_CLASS = YES_ERROR;
				CLANG_WARN_SUSPICIOUS_MOVES = YES;
				CLANG_WARN_UNREACHABLE_CODE = YES;
				CLANG_WARN__DUPLICATE_METHOD_MATCH = YES;
				CODE_SIGN_IDENTITY = "-";
				COPY_PHASE_STRIP = NO;
				DEBUG_INFORMATION_FORMAT = "dwarf-with-dsym";
				ENABLE_NS_ASSERTIONS = NO;
				ENABLE_STRICT_OBJC_MSGSEND = YES;
				GCC_C_LANGUAGE_STANDARD = gnu99;
				GCC_NO_COMMON_BLOCKS = YES;
				GCC_WARN_64_TO_32_BIT_CONVERSION = YES;
				GCC_WARN_ABOUT_RETURN_TYPE = YES_ERROR;
				GCC_WARN_UNDECLARED_SELECTOR = YES;
				GCC_WARN_UNINITIALIZED_AUTOS = YES_AGGRESSIVE;
				GCC_WARN_UNUSED_FUNCTION = YES;
				GCC_WARN_UNUSED_VARIABLE = YES;
				MACOSX_DEPLOYMENT_TARGET = 10.11;
				MTL_ENABLE_DEBUG_INFO = NO;
				SDKROOT = macosx;
			};
			name = Release;
		};
		2D1E3CE71E4B697F00E41769 /* Debug */ = {
			isa = XCBuildConfiguration;
			buildSettings = {
				PRODUCT_NAME = "$(TARGET_NAME)";
			};
			name = Debug;
		};
		2D1E3CE81E4B697F00E41769 /* Release */ = {
			isa = XCBuildConfiguration;
			buildSettings = {
				PRODUCT_NAME = "$(TARGET_NAME)";
			};
			name = Release;
		};
/* End XCBuildConfiguration section */

/* Begin XCConfigurationList section */
		2D1E3CDA1E4B697E00E41769 /* Build configuration list for PBXProject "MorningMegaProject" */ = {
			isa = XCConfigurationList;
			buildConfigurations = (
				2D1E3CE41E4B697F00E41769 /* Debug */,
				2D1E3CE51E4B697F00E41769 /* Release */,
			);
			defaultConfigurationIsVisible = 0;
			defaultConfigurationName = Release;
		};
		2D1E3CE61E4B697F00E41769 /* Build configuration list for PBXNativeTarget "MorningMegaProject" */ = {
			isa = XCConfigurationList;
			buildConfigurations = (
				2D1E3CE71E4B697F00E41769 /* Debug */,
				2D1E3CE81E4B697F00E41769 /* Release */,
			);
			defaultConfigurationIsVisible = 0;
		};
/* End XCConfigurationList section */
	};
	rootObject = 2D1E3CD71E4B697E00E41769 /* Project object */;
}
